{
  "nodes": {
    "home-manager": {
      "inputs": {
        "nixpkgs": [
          "nixpkgs"
        ]
      },
      "locked": {
        "lastModified": 1615943941,
        "narHash": "sha256-ocj+ngGSJ0SRHjp3UDH76TQA8XXUxemAQDDJp32k5Rw=",
        "owner": "nix-community",
        "repo": "home-manager",
        "rev": "920ea74afee92d321a4ff7dc714b165daaad78ec",
        "type": "github"
      },
      "original": {
        "owner": "nix-community",
        "repo": "home-manager",
        "type": "github"
      }
    },
    "naersk": {
      "inputs": {
        "nixpkgs": "nixpkgs_2"
      },
      "locked": {
        "lastModified": 1595240294,
        "narHash": "sha256-pLIbAvNT7wpxsLYT4O3KT5Q5e3axrxlGZinCnOMPLVk=",
        "owner": "nmattia",
        "repo": "naersk",
        "rev": "dcee40445cfe301ced2d1b11290d6a94ff3aadb9",
        "type": "github"
      },
      "original": {
        "owner": "nmattia",
        "ref": "master",
        "repo": "naersk",
        "type": "github"
      }
    },
    "nixops": {
      "inputs": {
        "nixpkgs": [
          "nixpkgs"
        ],
        "utils": "utils"
      },
      "locked": {
        "lastModified": 1614711931,
        "narHash": "sha256-In+aL5PrOWCjEMDBv+Yv93epJijt24NfGY6Vdy/aIVo=",
        "owner": "nixos",
        "repo": "nixops",
        "rev": "45256745cef246dabe1ae8a7d109988f190cd7ef",
        "type": "github"
      },
      "original": {
        "owner": "nixos",
        "ref": "master",
        "repo": "nixops",
        "type": "github"
      }
    },
    "nixpkgs": {
      "locked": {
        "lastModified": 1615991631,
        "narHash": "sha256-TEDPXYy9sVLyctW/OBqxhxlxPmvTwRqXBch0eexJm8Y=",
        "owner": "nixos",
        "repo": "nixpkgs",
        "rev": "f137bcd5c92906ae0f924769a95b8c8e6602f90b",
        "type": "github"
      },
      "original": {
        "owner": "nixos",
        "ref": "master",
        "repo": "nixpkgs",
        "type": "github"
      }
    },
    "nixpkgs_2": {
      "locked": {
        "lastModified": 1596879421,
        "narHash": "sha256-D6cmbkxYpRu2INu+f0xS2yI6JOv+eUfUrzj5CCogwns=",
        "owner": "NixOS",
        "repo": "nixpkgs",
        "rev": "3317fb0b7755c237dd42a4283bce281d7786afba",
        "type": "github"
      },
      "original": {
        "id": "nixpkgs",
        "type": "indirect"
      }
    },
    "root": {
      "inputs": {
        "home-manager": "home-manager",
        "nixops": "nixops",
        "nixpkgs": "nixpkgs",
        "wg-bond": "wg-bond"
      }
    },
    "utils": {
      "locked": {
        "lastModified": 1610051610,
        "narHash": "sha256-U9rPz/usA1/Aohhk7Cmc2gBrEEKRzcW4nwPWMPwja4Y=",
        "owner": "numtide",
        "repo": "flake-utils",
        "rev": "3982c9903e93927c2164caa727cd3f6a0e6d14cc",
        "type": "github"
      },
      "original": {
        "owner": "numtide",
        "repo": "flake-utils",
        "type": "github"
      }
    },
    "utils_2": {
      "locked": {
        "lastModified": 1593533949,
        "narHash": "sha256-j5OH1uR8Mu/NqYH44+gnPln0eoGNNahxl0qNSYNi0Og=",
        "owner": "numtide",
        "repo": "flake-utils",
        "rev": "400fa6d9af95481440d8d69a6b49de5901936730",
        "type": "github"
      },
      "original": {
        "owner": "numtide",
        "repo": "flake-utils",
        "type": "github"
      }
    },
    "wg-bond": {
      "inputs": {
        "naersk": "naersk",
        "nixpkgs": [
          "nixpkgs"
        ],
        "utils": "utils_2"
      },
      "locked": {
        "lastModified": 1614800249,
        "narHash": "sha256-fF/zVbLUgGx/i+i3pZzPPg2F+tOLRiiATdySgsscfrQ=",
        "owner": "cab404",
        "repo": "wg-bond",
        "rev": "aa3580de35483744773e8818302bcba7a4f4d459",
        "type": "github"
      },
      "original": {
        "owner": "cab404",
        "repo": "wg-bond",
        "type": "github"
      }
    }
  },
  "root": "root",
  "version": 7
}
