{
  "nodes": {
    "home-manager": {
      "inputs": {
        "nixpkgs": [
          "nixpkgs"
        ]
      },
      "locked": {
        "lastModified": 1615943941,
        "narHash": "sha256-ocj+ngGSJ0SRHjp3UDH76TQA8XXUxemAQDDJp32k5Rw=",
        "owner": "nix-community",
        "repo": "home-manager",
        "rev": "920ea74afee92d321a4ff7dc714b165daaad78ec",
        "type": "github"
      },
      "original": {
        "owner": "nix-community",
        "repo": "home-manager",
        "type": "github"
      }
    },
    "nixops": {
      "inputs": {
        "nixpkgs": [
          "nixpkgs"
        ],
        "utils": "utils"
      },
      "locked": {
        "lastModified": 1614711931,
        "narHash": "sha256-In+aL5PrOWCjEMDBv+Yv93epJijt24NfGY6Vdy/aIVo=",
        "owner": "nixos",
        "repo": "nixops",
        "rev": "45256745cef246dabe1ae8a7d109988f190cd7ef",
        "type": "github"
      },
      "original": {
        "owner": "nixos",
        "ref": "master",
        "repo": "nixops",
        "type": "github"
      }
    },
    "nixpkgs": {
      "locked": {
        "lastModified": 1615991631,
        "narHash": "sha256-TEDPXYy9sVLyctW/OBqxhxlxPmvTwRqXBch0eexJm8Y=",
        "owner": "nixos",
        "repo": "nixpkgs",
        "rev": "f137bcd5c92906ae0f924769a95b8c8e6602f90b",
        "type": "github"
      },
      "original": {
        "owner": "nixos",
        "ref": "master",
        "repo": "nixpkgs",
        "type": "github"
      }
    },
    "root": {
      "inputs": {
        "home-manager": "home-manager",
        "nixops": "nixops",
        "nixpkgs": "nixpkgs"
      }
    },
    "utils": {
      "locked": {
        "lastModified": 1610051610,
        "narHash": "sha256-U9rPz/usA1/Aohhk7Cmc2gBrEEKRzcW4nwPWMPwja4Y=",
        "owner": "numtide",
        "repo": "flake-utils",
        "rev": "3982c9903e93927c2164caa727cd3f6a0e6d14cc",
        "type": "github"
      },
      "original": {
        "owner": "numtide",
        "repo": "flake-utils",
        "type": "github"
      }
    }
  },
  "root": "root",
  "version": 7
}
